
Microsoft Visual Studio Solution File, Format Version 12.00
# Visual Studio Version 17
VisualStudioVersion = 17.4.33110.190
MinimumVisualStudioVersion = 10.0.40219.1
Project("{FAE04EC0-301F-11D3-BF4B-00C04F79EFBC}") = "WindowsForm", "WindowsForm\WindowsForm.csproj", "{2EA6E928-35ED-4474-8773-C59476C7F182}"
EndProject
Global
	GlobalSection(SolutionConfigurationPlatforms) = preSolution
		Debug|Any CPU = Debug|Any CPU
		Release|Any CPU = Release|Any CPU
	EndGlobalSection
	GlobalSection(ProjectConfigurationPlatforms) = postSolution
		{2EA6E928-35ED-4474-8773-C59476C7F182}.Debug|Any CPU.ActiveCfg = Debug|Any CPU
		{2EA6E928-35ED-4474-8773-C59476C7F182}.Debug|Any CPU.Build.0 = Debug|Any CPU
		{2EA6E928-35ED-4474-8773-C59476C7F182}.Release|Any CPU.ActiveCfg = Release|Any CPU
		{2EA6E928-35ED-4474-8773-C59476C7F182}.Release|Any CPU.Build.0 = Release|Any CPU
	EndGlobalSection
	GlobalSection(SolutionProperties) = preSolution
		HideSolutionNode = FALSE
	EndGlobalSection
	GlobalSection(ExtensibilityGlobals) = postSolution
		SolutionGuid = {8DF7D72E-CD42-4B10-9292-237F8063CDB0}
	EndGlobalSection
EndGlobal
