
Microsoft Visual Studio Solution File, Format Version 12.00
# Visual Studio Version 17
VisualStudioVersion = 17.4.33110.190
MinimumVisualStudioVersion = 10.0.40219.1
Project("{FAE04EC0-301F-11D3-BF4B-00C04F79EFBC}") = "WebApplication", "WebApplication\WebApplication.csproj", "{288B95C7-1157-4BE5-BEDF-EACDBCF93874}"
EndProject
Global
	GlobalSection(SolutionConfigurationPlatforms) = preSolution
		Debug|Any CPU = Debug|Any CPU
		Release|Any CPU = Release|Any CPU
	EndGlobalSection
	GlobalSection(ProjectConfigurationPlatforms) = postSolution
		{288B95C7-1157-4BE5-BEDF-EACDBCF93874}.Debug|Any CPU.ActiveCfg = Debug|Any CPU
		{288B95C7-1157-4BE5-BEDF-EACDBCF93874}.Debug|Any CPU.Build.0 = Debug|Any CPU
		{288B95C7-1157-4BE5-BEDF-EACDBCF93874}.Release|Any CPU.ActiveCfg = Release|Any CPU
		{288B95C7-1157-4BE5-BEDF-EACDBCF93874}.Release|Any CPU.Build.0 = Release|Any CPU
	EndGlobalSection
	GlobalSection(SolutionProperties) = preSolution
		HideSolutionNode = FALSE
	EndGlobalSection
	GlobalSection(ExtensibilityGlobals) = postSolution
		SolutionGuid = {C8835E2E-B6E5-422B-8410-B7E515399C46}
	EndGlobalSection
EndGlobal
